
Microsoft Visual Studio Solution File, Format Version 12.00
# Visual Studio 15
VisualStudioVersion = 15.0.27004.2009
MinimumVisualStudioVersion = 10.0.40219.1
Project("{9092AA53-FB77-4645-B42D-1CCCA6BD08BD}") = "procrastination-guard", "procrastination-guard.njsproj", "{1E3F98AC-F544-47B1-B32C-4E1A608E7EB7}"
EndProject
Global
	GlobalSection(SolutionConfigurationPlatforms) = preSolution
		Debug|Any CPU = Debug|Any CPU
		Release|Any CPU = Release|Any CPU
	EndGlobalSection
	GlobalSection(ProjectConfigurationPlatforms) = postSolution
		{1E3F98AC-F544-47B1-B32C-4E1A608E7EB7}.Debug|Any CPU.ActiveCfg = Debug|Any CPU
		{1E3F98AC-F544-47B1-B32C-4E1A608E7EB7}.Debug|Any CPU.Build.0 = Debug|Any CPU
		{1E3F98AC-F544-47B1-B32C-4E1A608E7EB7}.Release|Any CPU.ActiveCfg = Release|Any CPU
		{1E3F98AC-F544-47B1-B32C-4E1A608E7EB7}.Release|Any CPU.Build.0 = Release|Any CPU
	EndGlobalSection
	GlobalSection(SolutionProperties) = preSolution
		HideSolutionNode = FALSE
	EndGlobalSection
	GlobalSection(ExtensibilityGlobals) = postSolution
		SolutionGuid = {51D68FAB-CDC3-45D7-8054-5F6CCFF69DB5}
	EndGlobalSection
EndGlobal
